
Microsoft Visual Studio Solution File, Format Version 12.00
Project("{FAE04EC0-301F-11D3-BF4B-00C04F79EFBC}") = "Poly", "Poly\Poly.csproj", "{DD1A3432-0ED0-452D-AE61-DF4F84B74DDF}"
EndProject
Project("{FAE04EC0-301F-11D3-BF4B-00C04F79EFBC}") = "PolyTests", "PolyTests\PolyTests.csproj", "{9D2F79ED-B768-4744-8AD4-BEDAA930C4A8}"
EndProject
Global
	GlobalSection(SolutionConfigurationPlatforms) = preSolution
		Debug|Any CPU = Debug|Any CPU
		Release|Any CPU = Release|Any CPU
	EndGlobalSection
	GlobalSection(ProjectConfigurationPlatforms) = postSolution
		{DD1A3432-0ED0-452D-AE61-DF4F84B74DDF}.Debug|Any CPU.ActiveCfg = Debug|Any CPU
		{DD1A3432-0ED0-452D-AE61-DF4F84B74DDF}.Debug|Any CPU.Build.0 = Debug|Any CPU
		{DD1A3432-0ED0-452D-AE61-DF4F84B74DDF}.Release|Any CPU.ActiveCfg = Release|Any CPU
		{DD1A3432-0ED0-452D-AE61-DF4F84B74DDF}.Release|Any CPU.Build.0 = Release|Any CPU
		{9D2F79ED-B768-4744-8AD4-BEDAA930C4A8}.Debug|Any CPU.ActiveCfg = Debug|Any CPU
		{9D2F79ED-B768-4744-8AD4-BEDAA930C4A8}.Debug|Any CPU.Build.0 = Debug|Any CPU
		{9D2F79ED-B768-4744-8AD4-BEDAA930C4A8}.Release|Any CPU.ActiveCfg = Release|Any CPU
		{9D2F79ED-B768-4744-8AD4-BEDAA930C4A8}.Release|Any CPU.Build.0 = Release|Any CPU
	EndGlobalSection
EndGlobal
